// !$*UTF8*$!
{
	archiveVersion = 1;
	classes = {
	};
	objectVersion = 55;
	objects = {

/* Begin PBXBuildFile section */
		6E413DB627FC8A440087D2B2 /* TouchdownApp.swift in Sources */ = {isa = PBXBuildFile; fileRef = 6E413DB527FC8A440087D2B2 /* TouchdownApp.swift */; };
		6E413DB827FC8A440087D2B2 /* ContentView.swift in Sources */ = {isa = PBXBuildFile; fileRef = 6E413DB727FC8A440087D2B2 /* ContentView.swift */; };
		6E413DBA27FC8A470087D2B2 /* Assets.xcassets in Resources */ = {isa = PBXBuildFile; fileRef = 6E413DB927FC8A470087D2B2 /* Assets.xcassets */; };
		6E413DBD27FC8A470087D2B2 /* Preview Assets.xcassets in Resources */ = {isa = PBXBuildFile; fileRef = 6E413DBC27FC8A470087D2B2 /* Preview Assets.xcassets */; };
		6E413DC727FC8A470087D2B2 /* TouchdownTests.swift in Sources */ = {isa = PBXBuildFile; fileRef = 6E413DC627FC8A470087D2B2 /* TouchdownTests.swift */; };
		6E413DD127FC8A470087D2B2 /* TouchdownUITests.swift in Sources */ = {isa = PBXBuildFile; fileRef = 6E413DD027FC8A470087D2B2 /* TouchdownUITests.swift */; };
		6E413DD327FC8A470087D2B2 /* TouchdownUITestsLaunchTests.swift in Sources */ = {isa = PBXBuildFile; fileRef = 6E413DD227FC8A470087D2B2 /* TouchdownUITestsLaunchTests.swift */; };
		6E413DE027FC8AE20087D2B2 /* Data in Resources */ = {isa = PBXBuildFile; fileRef = 6E413DDF27FC8AE20087D2B2 /* Data */; };
/* End PBXBuildFile section */

/* Begin PBXContainerItemProxy section */
		6E413DC327FC8A470087D2B2 /* PBXContainerItemProxy */ = {
			isa = PBXContainerItemProxy;
			containerPortal = 6E413DAA27FC8A440087D2B2 /* Project object */;
			proxyType = 1;
			remoteGlobalIDString = 6E413DB127FC8A440087D2B2;
			remoteInfo = Touchdown;
		};
		6E413DCD27FC8A470087D2B2 /* PBXContainerItemProxy */ = {
			isa = PBXContainerItemProxy;
			containerPortal = 6E413DAA27FC8A440087D2B2 /* Project object */;
			proxyType = 1;
			remoteGlobalIDString = 6E413DB127FC8A440087D2B2;
			remoteInfo = Touchdown;
		};
/* End PBXContainerItemProxy section */

/* Begin PBXFileReference section */
		6E413DB227FC8A440087D2B2 /* Touchdown.app */ = {isa = PBXFileReference; explicitFileType = wrapper.application; includeInIndex = 0; path = Touchdown.app; sourceTree = BUILT_PRODUCTS_DIR; };
		6E413DB527FC8A440087D2B2 /* TouchdownApp.swift */ = {isa = PBXFileReference; lastKnownFileType = sourcecode.swift; path = TouchdownApp.swift; sourceTree = "<group>"; };
		6E413DB727FC8A440087D2B2 /* ContentView.swift */ = {isa = PBXFileReference; lastKnownFileType = sourcecode.swift; path = ContentView.swift; sourceTree = "<group>"; };
		6E413DB927FC8A470087D2B2 /* Assets.xcassets */ = {isa = PBXFileReference; lastKnownFileType = folder.assetcatalog; path = Assets.xcassets; sourceTree = "<group>"; };
		6E413DBC27FC8A470087D2B2 /* Preview Assets.xcassets */ = {isa = PBXFileReference; lastKnownFileType = folder.assetcatalog; path = "Preview Assets.xcassets"; sourceTree = "<group>"; };
		6E413DC227FC8A470087D2B2 /* TouchdownTests.xctest */ = {isa = PBXFileReference; explicitFileType = wrapper.cfbundle; includeInIndex = 0; path = TouchdownTests.xctest; sourceTree = BUILT_PRODUCTS_DIR; };
		6E413DC627FC8A470087D2B2 /* TouchdownTests.swift */ = {isa = PBXFileReference; lastKnownFileType = sourcecode.swift; path = TouchdownTests.swift; sourceTree = "<group>"; };
		6E413DCC27FC8A470087D2B2 /* TouchdownUITests.xctest */ = {isa = PBXFileReference; explicitFileType = wrapper.cfbundle; includeInIndex = 0; path = TouchdownUITests.xctest; sourceTree = BUILT_PRODUCTS_DIR; };
		6E413DD027FC8A470087D2B2 /* TouchdownUITests.swift */ = {isa = PBXFileReference; lastKnownFileType = sourcecode.swift; path = TouchdownUITests.swift; sourceTree = "<group>"; };
		6E413DD227FC8A470087D2B2 /* TouchdownUITestsLaunchTests.swift */ = {isa = PBXFileReference; lastKnownFileType = sourcecode.swift; path = TouchdownUITestsLaunchTests.swift; sourceTree = "<group>"; };
		6E413DDF27FC8AE20087D2B2 /* Data */ = {isa = PBXFileReference; lastKnownFileType = folder; path = Data; sourceTree = "<group>"; };
		6E413DE127FC8C370087D2B2 /* Info.plist */ = {isa = PBXFileReference; lastKnownFileType = text.plist; path = Info.plist; sourceTree = "<group>"; };
/* End PBXFileReference section */

/* Begin PBXFrameworksBuildPhase section */
		6E413DAF27FC8A440087D2B2 /* Frameworks */ = {
			isa = PBXFrameworksBuildPhase;
			buildActionMask = 2147483647;
			files = (
			);
			runOnlyForDeploymentPostprocessing = 0;
		};
		6E413DBF27FC8A470087D2B2 /* Frameworks */ = {
			isa = PBXFrameworksBuildPhase;
			buildActionMask = 2147483647;
			files = (
			);
			runOnlyForDeploymentPostprocessing = 0;
		};
		6E413DC927FC8A470087D2B2 /* Frameworks */ = {
			isa = PBXFrameworksBuildPhase;
			buildActionMask = 2147483647;
			files = (
			);
			runOnlyForDeploymentPostprocessing = 0;
		};
/* End PBXFrameworksBuildPhase section */

/* Begin PBXGroup section */
		6E413DA927FC8A440087D2B2 = {
			isa = PBXGroup;
			children = (
				6E413DB427FC8A440087D2B2 /* Touchdown */,
				6E413DC527FC8A470087D2B2 /* TouchdownTests */,
				6E413DCF27FC8A470087D2B2 /* TouchdownUITests */,
				6E413DB327FC8A440087D2B2 /* Products */,
			);
			sourceTree = "<group>";
		};
		6E413DB327FC8A440087D2B2 /* Products */ = {
			isa = PBXGroup;
			children = (
				6E413DB227FC8A440087D2B2 /* Touchdown.app */,
				6E413DC227FC8A470087D2B2 /* TouchdownTests.xctest */,
				6E413DCC27FC8A470087D2B2 /* TouchdownUITests.xctest */,
			);
			name = Products;
			sourceTree = "<group>";
		};
		6E413DB427FC8A440087D2B2 /* Touchdown */ = {
			isa = PBXGroup;
			children = (
				6E413DE127FC8C370087D2B2 /* Info.plist */,
				6E413DDF27FC8AE20087D2B2 /* Data */,
				6E413DB527FC8A440087D2B2 /* TouchdownApp.swift */,
				6E413DB727FC8A440087D2B2 /* ContentView.swift */,
				6E413DB927FC8A470087D2B2 /* Assets.xcassets */,
				6E413DBB27FC8A470087D2B2 /* Preview Content */,
			);
			path = Touchdown;
			sourceTree = "<group>";
		};
		6E413DBB27FC8A470087D2B2 /* Preview Content */ = {
			isa = PBXGroup;
			children = (
				6E413DBC27FC8A470087D2B2 /* Preview Assets.xcassets */,
			);
			path = "Preview Content";
			sourceTree = "<group>";
		};
		6E413DC527FC8A470087D2B2 /* TouchdownTests */ = {
			isa = PBXGroup;
			children = (
				6E413DC627FC8A470087D2B2 /* TouchdownTests.swift */,
			);
			path = TouchdownTests;
			sourceTree = "<group>";
		};
		6E413DCF27FC8A470087D2B2 /* TouchdownUITests */ = {
			isa = PBXGroup;
			children = (
				6E413DD027FC8A470087D2B2 /* TouchdownUITests.swift */,
				6E413DD227FC8A470087D2B2 /* TouchdownUITestsLaunchTests.swift */,
			);
			path = TouchdownUITests;
			sourceTree = "<group>";
		};
/* End PBXGroup section */

/* Begin PBXNativeTarget section */
		6E413DB127FC8A440087D2B2 /* Touchdown */ = {
			isa = PBXNativeTarget;
			buildConfigurationList = 6E413DD627FC8A470087D2B2 /* Build configuration list for PBXNativeTarget "Touchdown" */;
			buildPhases = (
				6E413DAE27FC8A440087D2B2 /* Sources */,
				6E413DAF27FC8A440087D2B2 /* Frameworks */,
				6E413DB027FC8A440087D2B2 /* Resources */,
			);
			buildRules = (
			);
			dependencies = (
			);
			name = Touchdown;
			productName = Touchdown;
			productReference = 6E413DB227FC8A440087D2B2 /* Touchdown.app */;
			productType = "com.apple.product-type.application";
		};
		6E413DC127FC8A470087D2B2 /* TouchdownTests */ = {
			isa = PBXNativeTarget;
			buildConfigurationList = 6E413DD927FC8A470087D2B2 /* Build configuration list for PBXNativeTarget "TouchdownTests" */;
			buildPhases = (
				6E413DBE27FC8A470087D2B2 /* Sources */,
				6E413DBF27FC8A470087D2B2 /* Frameworks */,
				6E413DC027FC8A470087D2B2 /* Resources */,
			);
			buildRules = (
			);
			dependencies = (
				6E413DC427FC8A470087D2B2 /* PBXTargetDependency */,
			);
			name = TouchdownTests;
			productName = TouchdownTests;
			productReference = 6E413DC227FC8A470087D2B2 /* TouchdownTests.xctest */;
			productType = "com.apple.product-type.bundle.unit-test";
		};
		6E413DCB27FC8A470087D2B2 /* TouchdownUITests */ = {
			isa = PBXNativeTarget;
			buildConfigurationList = 6E413DDC27FC8A470087D2B2 /* Build configuration list for PBXNativeTarget "TouchdownUITests" */;
			buildPhases = (
				6E413DC827FC8A470087D2B2 /* Sources */,
				6E413DC927FC8A470087D2B2 /* Frameworks */,
				6E413DCA27FC8A470087D2B2 /* Resources */,
			);
			buildRules = (
			);
			dependencies = (
				6E413DCE27FC8A470087D2B2 /* PBXTargetDependency */,
			);
			name = TouchdownUITests;
			productName = TouchdownUITests;
			productReference = 6E413DCC27FC8A470087D2B2 /* TouchdownUITests.xctest */;
			productType = "com.apple.product-type.bundle.ui-testing";
		};
/* End PBXNativeTarget section */

/* Begin PBXProject section */
		6E413DAA27FC8A440087D2B2 /* Project object */ = {
			isa = PBXProject;
			attributes = {
				BuildIndependentTargetsInParallel = 1;
				LastSwiftUpdateCheck = 1330;
				LastUpgradeCheck = 1330;
				TargetAttributes = {
					6E413DB127FC8A440087D2B2 = {
						CreatedOnToolsVersion = 13.3;
					};
					6E413DC127FC8A470087D2B2 = {
						CreatedOnToolsVersion = 13.3;
						TestTargetID = 6E413DB127FC8A440087D2B2;
					};
					6E413DCB27FC8A470087D2B2 = {
						CreatedOnToolsVersion = 13.3;
						TestTargetID = 6E413DB127FC8A440087D2B2;
					};
				};
			};
			buildConfigurationList = 6E413DAD27FC8A440087D2B2 /* Build configuration list for PBXProject "Touchdown" */;
			compatibilityVersion = "Xcode 13.0";
			developmentRegion = en;
			hasScannedForEncodings = 0;
			knownRegions = (
				en,
				Base,
			);
			mainGroup = 6E413DA927FC8A440087D2B2;
			productRefGroup = 6E413DB327FC8A440087D2B2 /* Products */;
			projectDirPath = "";
			projectRoot = "";
			targets = (
				6E413DB127FC8A440087D2B2 /* Touchdown */,
				6E413DC127FC8A470087D2B2 /* TouchdownTests */,
				6E413DCB27FC8A470087D2B2 /* TouchdownUITests */,
			);
		};
/* End PBXProject section */

/* Begin PBXResourcesBuildPhase section */
		6E413DB027FC8A440087D2B2 /* Resources */ = {
			isa = PBXResourcesBuildPhase;
			buildActionMask = 2147483647;
			files = (
				6E413DBD27FC8A470087D2B2 /* Preview Assets.xcassets in Resources */,
				6E413DBA27FC8A470087D2B2 /* Assets.xcassets in Resources */,
				6E413DE027FC8AE20087D2B2 /* Data in Resources */,
			);
			runOnlyForDeploymentPostprocessing = 0;
		};
		6E413DC027FC8A470087D2B2 /* Resources */ = {
			isa = PBXResourcesBuildPhase;
			buildActionMask = 2147483647;
			files = (
			);
			runOnlyForDeploymentPostprocessing = 0;
		};
		6E413DCA27FC8A470087D2B2 /* Resources */ = {
			isa = PBXResourcesBuildPhase;
			buildActionMask = 2147483647;
			files = (
			);
			runOnlyForDeploymentPostprocessing = 0;
		};
/* End PBXResourcesBuildPhase section */

/* Begin PBXSourcesBuildPhase section */
		6E413DAE27FC8A440087D2B2 /* Sources */ = {
			isa = PBXSourcesBuildPhase;
			buildActionMask = 2147483647;
			files = (
				6E413DB827FC8A440087D2B2 /* ContentView.swift in Sources */,
				6E413DB627FC8A440087D2B2 /* TouchdownApp.swift in Sources */,
			);
			runOnlyForDeploymentPostprocessing = 0;
		};
		6E413DBE27FC8A470087D2B2 /* Sources */ = {
			isa = PBXSourcesBuildPhase;
			buildActionMask = 2147483647;
			files = (
				6E413DC727FC8A470087D2B2 /* TouchdownTests.swift in Sources */,
			);
			runOnlyForDeploymentPostprocessing = 0;
		};
		6E413DC827FC8A470087D2B2 /* Sources */ = {
			isa = PBXSourcesBuildPhase;
			buildActionMask = 2147483647;
			files = (
				6E413DD327FC8A470087D2B2 /* TouchdownUITestsLaunchTests.swift in Sources */,
				6E413DD127FC8A470087D2B2 /* TouchdownUITests.swift in Sources */,
			);
			runOnlyForDeploymentPostprocessing = 0;
		};
/* End PBXSourcesBuildPhase section */

/* Begin PBXTargetDependency section */
		6E413DC427FC8A470087D2B2 /* PBXTargetDependency */ = {
			isa = PBXTargetDependency;
			target = 6E413DB127FC8A440087D2B2 /* Touchdown */;
			targetProxy = 6E413DC327FC8A470087D2B2 /* PBXContainerItemProxy */;
		};
		6E413DCE27FC8A470087D2B2 /* PBXTargetDependency */ = {
			isa = PBXTargetDependency;
			target = 6E413DB127FC8A440087D2B2 /* Touchdown */;
			targetProxy = 6E413DCD27FC8A470087D2B2 /* PBXContainerItemProxy */;
		};
/* End PBXTargetDependency section */

/* Begin XCBuildConfiguration section */
		6E413DD427FC8A470087D2B2 /* Debug */ = {
			isa = XCBuildConfiguration;
			buildSettings = {
				ALWAYS_SEARCH_USER_PATHS = NO;
				CLANG_ANALYZER_NONNULL = YES;
				CLANG_ANALYZER_NUMBER_OBJECT_CONVERSION = YES_AGGRESSIVE;
				CLANG_CXX_LANGUAGE_STANDARD = "gnu++17";
				CLANG_ENABLE_MODULES = YES;
				CLANG_ENABLE_OBJC_ARC = YES;
				CLANG_ENABLE_OBJC_WEAK = YES;
				CLANG_WARN_BLOCK_CAPTURE_AUTORELEASING = YES;
				CLANG_WARN_BOOL_CONVERSION = YES;
				CLANG_WARN_COMMA = YES;
				CLANG_WARN_CONSTANT_CONVERSION = YES;
				CLANG_WARN_DEPRECATED_OBJC_IMPLEMENTATIONS = YES;
				CLANG_WARN_DIRECT_OBJC_ISA_USAGE = YES_ERROR;
				CLANG_WARN_DOCUMENTATION_COMMENTS = YES;
				CLANG_WARN_EMPTY_BODY = YES;
				CLANG_WARN_ENUM_CONVERSION = YES;
				CLANG_WARN_INFINITE_RECURSION = YES;
				CLANG_WARN_INT_CONVERSION = YES;
				CLANG_WARN_NON_LITERAL_NULL_CONVERSION = YES;
				CLANG_WARN_OBJC_IMPLICIT_RETAIN_SELF = YES;
				CLANG_WARN_OBJC_LITERAL_CONVERSION = YES;
				CLANG_WARN_OBJC_ROOT_CLASS = YES_ERROR;
				CLANG_WARN_QUOTED_INCLUDE_IN_FRAMEWORK_HEADER = YES;
				CLANG_WARN_RANGE_LOOP_ANALYSIS = YES;
				CLANG_WARN_STRICT_PROTOTYPES = YES;
				CLANG_WARN_SUSPICIOUS_MOVE = YES;
				CLANG_WARN_UNGUARDED_AVAILABILITY = YES_AGGRESSIVE;
				CLANG_WARN_UNREACHABLE_CODE = YES;
				CLANG_WARN__DUPLICATE_METHOD_MATCH = YES;
				COPY_PHASE_STRIP = NO;
				DEBUG_INFORMATION_FORMAT = dwarf;
				ENABLE_STRICT_OBJC_MSGSEND = YES;
				ENABLE_TESTABILITY = YES;
				GCC_C_LANGUAGE_STANDARD = gnu11;
				GCC_DYNAMIC_NO_PIC = NO;
				GCC_NO_COMMON_BLOCKS = YES;
				GCC_OPTIMIZATION_LEVEL = 0;
				GCC_PREPROCESSOR_DEFINITIONS = (
					"DEBUG=1",
					"$(inherited)",
				);
				GCC_WARN_64_TO_32_BIT_CONVERSION = YES;
				GCC_WARN_ABOUT_RETURN_TYPE = YES_ERROR;
				GCC_WARN_UNDECLARED_SELECTOR = YES;
				GCC_WARN_UNINITIALIZED_AUTOS = YES_AGGRESSIVE;
				GCC_WARN_UNUSED_FUNCTION = YES;
				GCC_WARN_UNUSED_VARIABLE = YES;
				IPHONEOS_DEPLOYMENT_TARGET = 15.4;
				MTL_ENABLE_DEBUG_INFO = INCLUDE_SOURCE;
				MTL_FAST_MATH = YES;
				ONLY_ACTIVE_ARCH = YES;
				SDKROOT = iphoneos;
				SWIFT_ACTIVE_COMPILATION_CONDITIONS = DEBUG;
				SWIFT_OPTIMIZATION_LEVEL = "-Onone";
			};
			name = Debug;
		};
		6E413DD527FC8A470087D2B2 /* Release */ = {
			isa = XCBuildConfiguration;
			buildSettings = {
				ALWAYS_SEARCH_USER_PATHS = NO;
				CLANG_ANALYZER_NONNULL = YES;
				CLANG_ANALYZER_NUMBER_OBJECT_CONVERSION = YES_AGGRESSIVE;
				CLANG_CXX_LANGUAGE_STANDARD = "gnu++17";
				CLANG_ENABLE_MODULES = YES;
				CLANG_ENABLE_OBJC_ARC = YES;
				CLANG_ENABLE_OBJC_WEAK = YES;
				CLANG_WARN_BLOCK_CAPTURE_AUTORELEASING = YES;
				CLANG_WARN_BOOL_CONVERSION = YES;
				CLANG_WARN_COMMA = YES;
				CLANG_WARN_CONSTANT_CONVERSION = YES;
				CLANG_WARN_DEPRECATED_OBJC_IMPLEMENTATIONS = YES;
				CLANG_WARN_DIRECT_OBJC_ISA_USAGE = YES_ERROR;
				CLANG_WARN_DOCUMENTATION_COMMENTS = YES;
				CLANG_WARN_EMPTY_BODY = YES;
				CLANG_WARN_ENUM_CONVERSION = YES;
				CLANG_WARN_INFINITE_RECURSION = YES;
				CLANG_WARN_INT_CONVERSION = YES;
				CLANG_WARN_NON_LITERAL_NULL_CONVERSION = YES;
				CLANG_WARN_OBJC_IMPLICIT_RETAIN_SELF = YES;
				CLANG_WARN_OBJC_LITERAL_CONVERSION = YES;
				CLANG_WARN_OBJC_ROOT_CLASS = YES_ERROR;
				CLANG_WARN_QUOTED_INCLUDE_IN_FRAMEWORK_HEADER = YES;
				CLANG_WARN_RANGE_LOOP_ANALYSIS = YES;
				CLANG_WARN_STRICT_PROTOTYPES = YES;
				CLANG_WARN_SUSPICIOUS_MOVE = YES;
				CLANG_WARN_UNGUARDED_AVAILABILITY = YES_AGGRESSIVE;
				CLANG_WARN_UNREACHABLE_CODE = YES;
				CLANG_WARN__DUPLICATE_METHOD_MATCH = YES;
				COPY_PHASE_STRIP = NO;
				DEBUG_INFORMATION_FORMAT = "dwarf-with-dsym";
				ENABLE_NS_ASSERTIONS = NO;
				ENABLE_STRICT_OBJC_MSGSEND = YES;
				GCC_C_LANGUAGE_STANDARD = gnu11;
				GCC_NO_COMMON_BLOCKS = YES;
				GCC_WARN_64_TO_32_BIT_CONVERSION = YES;
				GCC_WARN_ABOUT_RETURN_TYPE = YES_ERROR;
				GCC_WARN_UNDECLARED_SELECTOR = YES;
				GCC_WARN_UNINITIALIZED_AUTOS = YES_AGGRESSIVE;
				GCC_WARN_UNUSED_FUNCTION = YES;
				GCC_WARN_UNUSED_VARIABLE = YES;
				IPHONEOS_DEPLOYMENT_TARGET = 15.4;
				MTL_ENABLE_DEBUG_INFO = NO;
				MTL_FAST_MATH = YES;
				SDKROOT = iphoneos;
				SWIFT_COMPILATION_MODE = wholemodule;
				SWIFT_OPTIMIZATION_LEVEL = "-O";
				VALIDATE_PRODUCT = YES;
			};
			name = Release;
		};
		6E413DD727FC8A470087D2B2 /* Debug */ = {
			isa = XCBuildConfiguration;
			buildSettings = {
				ASSETCATALOG_COMPILER_APPICON_NAME = AppIcon;
				ASSETCATALOG_COMPILER_GLOBAL_ACCENT_COLOR_NAME = AccentColor;
				CODE_SIGN_STYLE = Automatic;
				CURRENT_PROJECT_VERSION = 1;
				DEVELOPMENT_ASSET_PATHS = "\"Touchdown/Preview Content\"";
				DEVELOPMENT_TEAM = 9P5MGPPGZ2;
				ENABLE_PREVIEWS = YES;
				GENERATE_INFOPLIST_FILE = YES;
				INFOPLIST_FILE = Touchdown/Info.plist;
				INFOPLIST_KEY_UIApplicationSceneManifest_Generation = YES;
				INFOPLIST_KEY_UIApplicationSupportsIndirectInputEvents = YES;
				INFOPLIST_KEY_UISupportedInterfaceOrientations = UIInterfaceOrientationPortrait;
				INFOPLIST_KEY_UISupportedInterfaceOrientations_iPad = "UIInterfaceOrientationPortrait UIInterfaceOrientationPortraitUpsideDown UIInterfaceOrientationLandscapeLeft UIInterfaceOrientationLandscapeRight";
				INFOPLIST_KEY_UISupportedInterfaceOrientations_iPhone = "UIInterfaceOrientationPortrait UIInterfaceOrientationLandscapeLeft UIInterfaceOrientationLandscapeRight";
				INFOPLIST_KEY_UIUserInterfaceStyle = Light;
				LD_RUNPATH_SEARCH_PATHS = (
					"$(inherited)",
					"@executable_path/Frameworks",
				);
				MARKETING_VERSION = 1.0;
				PRODUCT_BUNDLE_IDENTIFIER = com.sarika.Touchdown;
				PRODUCT_NAME = "$(TARGET_NAME)";
				SWIFT_EMIT_LOC_STRINGS = YES;
				SWIFT_VERSION = 5.0;
				TARGETED_DEVICE_FAMILY = "1,2";
			};
			name = Debug;
		};
		6E413DD827FC8A470087D2B2 /* Release */ = {
			isa = XCBuildConfiguration;
			buildSettings = {
				ASSETCATALOG_COMPILER_APPICON_NAME = AppIcon;
				ASSETCATALOG_COMPILER_GLOBAL_ACCENT_COLOR_NAME = AccentColor;
				CODE_SIGN_STYLE = Automatic;
				CURRENT_PROJECT_VERSION = 1;
				DEVELOPMENT_ASSET_PATHS = "\"Touchdown/Preview Content\"";
				DEVELOPMENT_TEAM = 9P5MGPPGZ2;
				ENABLE_PREVIEWS = YES;
				GENERATE_INFOPLIST_FILE = YES;
				INFOPLIST_FILE = Touchdown/Info.plist;
				INFOPLIST_KEY_UIApplicationSceneManifest_Generation = YES;
				INFOPLIST_KEY_UIApplicationSupportsIndirectInputEvents = YES;
				INFOPLIST_KEY_UISupportedInterfaceOrientations = UIInterfaceOrientationPortrait;
				INFOPLIST_KEY_UISupportedInterfaceOrientations_iPad = "UIInterfaceOrientationPortrait UIInterfaceOrientationPortraitUpsideDown UIInterfaceOrientationLandscapeLeft UIInterfaceOrientationLandscapeRight";
				INFOPLIST_KEY_UISupportedInterfaceOrientations_iPhone = "UIInterfaceOrientationPortrait UIInterfaceOrientationLandscapeLeft UIInterfaceOrientationLandscapeRight";
				INFOPLIST_KEY_UIUserInterfaceStyle = Light;
				LD_RUNPATH_SEARCH_PATHS = (
					"$(inherited)",
					"@executable_path/Frameworks",
				);
				MARKETING_VERSION = 1.0;
				PRODUCT_BUNDLE_IDENTIFIER = com.sarika.Touchdown;
				PRODUCT_NAME = "$(TARGET_NAME)";
				SWIFT_EMIT_LOC_STRINGS = YES;
				SWIFT_VERSION = 5.0;
				TARGETED_DEVICE_FAMILY = "1,2";
			};
			name = Release;
		};
		6E413DDA27FC8A470087D2B2 /* Debug */ = {
			isa = XCBuildConfiguration;
			buildSettings = {
				ALWAYS_EMBED_SWIFT_STANDARD_LIBRARIES = YES;
				BUNDLE_LOADER = "$(TEST_HOST)";
				CODE_SIGN_STYLE = Automatic;
				CURRENT_PROJECT_VERSION = 1;
				DEVELOPMENT_TEAM = 9P5MGPPGZ2;
				GENERATE_INFOPLIST_FILE = YES;
				IPHONEOS_DEPLOYMENT_TARGET = 15.4;
				MARKETING_VERSION = 1.0;
				PRODUCT_BUNDLE_IDENTIFIER = com.sarika.TouchdownTests;
				PRODUCT_NAME = "$(TARGET_NAME)";
				SWIFT_EMIT_LOC_STRINGS = NO;
				SWIFT_VERSION = 5.0;
				TARGETED_DEVICE_FAMILY = "1,2";
				TEST_HOST = "$(BUILT_PRODUCTS_DIR)/Touchdown.app/Touchdown";
			};
			name = Debug;
		};
		6E413DDB27FC8A470087D2B2 /* Release */ = {
			isa = XCBuildConfiguration;
			buildSettings = {
				ALWAYS_EMBED_SWIFT_STANDARD_LIBRARIES = YES;
				BUNDLE_LOADER = "$(TEST_HOST)";
				CODE_SIGN_STYLE = Automatic;
				CURRENT_PROJECT_VERSION = 1;
				DEVELOPMENT_TEAM = 9P5MGPPGZ2;
				GENERATE_INFOPLIST_FILE = YES;
				IPHONEOS_DEPLOYMENT_TARGET = 15.4;
				MARKETING_VERSION = 1.0;
				PRODUCT_BUNDLE_IDENTIFIER = com.sarika.TouchdownTests;
				PRODUCT_NAME = "$(TARGET_NAME)";
				SWIFT_EMIT_LOC_STRINGS = NO;
				SWIFT_VERSION = 5.0;
				TARGETED_DEVICE_FAMILY = "1,2";
				TEST_HOST = "$(BUILT_PRODUCTS_DIR)/Touchdown.app/Touchdown";
			};
			name = Release;
		};
		6E413DDD27FC8A470087D2B2 /* Debug */ = {
			isa = XCBuildConfiguration;
			buildSettings = {
				ALWAYS_EMBED_SWIFT_STANDARD_LIBRARIES = YES;
				CODE_SIGN_STYLE = Automatic;
				CURRENT_PROJECT_VERSION = 1;
				DEVELOPMENT_TEAM = 9P5MGPPGZ2;
				GENERATE_INFOPLIST_FILE = YES;
				MARKETING_VERSION = 1.0;
				PRODUCT_BUNDLE_IDENTIFIER = com.sarika.TouchdownUITests;
				PRODUCT_NAME = "$(TARGET_NAME)";
				SWIFT_EMIT_LOC_STRINGS = NO;
				SWIFT_VERSION = 5.0;
				TARGETED_DEVICE_FAMILY = "1,2";
				TEST_TARGET_NAME = Touchdown;
			};
			name = Debug;
		};
		6E413DDE27FC8A470087D2B2 /* Release */ = {
			isa = XCBuildConfiguration;
			buildSettings = {
				ALWAYS_EMBED_SWIFT_STANDARD_LIBRARIES = YES;
				CODE_SIGN_STYLE = Automatic;
				CURRENT_PROJECT_VERSION = 1;
				DEVELOPMENT_TEAM = 9P5MGPPGZ2;
				GENERATE_INFOPLIST_FILE = YES;
				MARKETING_VERSION = 1.0;
				PRODUCT_BUNDLE_IDENTIFIER = com.sarika.TouchdownUITests;
				PRODUCT_NAME = "$(TARGET_NAME)";
				SWIFT_EMIT_LOC_STRINGS = NO;
				SWIFT_VERSION = 5.0;
				TARGETED_DEVICE_FAMILY = "1,2";
				TEST_TARGET_NAME = Touchdown;
			};
			name = Release;
		};
/* End XCBuildConfiguration section */

/* Begin XCConfigurationList section */
		6E413DAD27FC8A440087D2B2 /* Build configuration list for PBXProject "Touchdown" */ = {
			isa = XCConfigurationList;
			buildConfigurations = (
				6E413DD427FC8A470087D2B2 /* Debug */,
				6E413DD527FC8A470087D2B2 /* Release */,
			);
			defaultConfigurationIsVisible = 0;
			defaultConfigurationName = Release;
		};
		6E413DD627FC8A470087D2B2 /* Build configuration list for PBXNativeTarget "Touchdown" */ = {
			isa = XCConfigurationList;
			buildConfigurations = (
				6E413DD727FC8A470087D2B2 /* Debug */,
				6E413DD827FC8A470087D2B2 /* Release */,
			);
			defaultConfigurationIsVisible = 0;
			defaultConfigurationName = Release;
		};
		6E413DD927FC8A470087D2B2 /* Build configuration list for PBXNativeTarget "TouchdownTests" */ = {
			isa = XCConfigurationList;
			buildConfigurations = (
				6E413DDA27FC8A470087D2B2 /* Debug */,
				6E413DDB27FC8A470087D2B2 /* Release */,
			);
			defaultConfigurationIsVisible = 0;
			defaultConfigurationName = Release;
		};
		6E413DDC27FC8A470087D2B2 /* Build configuration list for PBXNativeTarget "TouchdownUITests" */ = {
			isa = XCConfigurationList;
			buildConfigurations = (
				6E413DDD27FC8A470087D2B2 /* Debug */,
				6E413DDE27FC8A470087D2B2 /* Release */,
			);
			defaultConfigurationIsVisible = 0;
			defaultConfigurationName = Release;
		};
/* End XCConfigurationList section */
	};
	rootObject = 6E413DAA27FC8A440087D2B2 /* Project object */;
}
